# THIS IS AN AUTOGENERATED FILE. DO NOT EDIT THIS FILE DIRECTLY.
# yarn lockfile v1


cloudinary-core@^2.13.0:
  version "2.13.0"
  resolved "https://registry.yarnpkg.com/cloudinary-core/-/cloudinary-core-2.13.0.tgz#b59f90871b6c708c3d0735b9be47ac08181c57fb"
  integrity sha512-Nt0Q5I2FtenmJghtC4YZ3MZZbGg1wLm84SsxcuVwZ83OyJqG9CNIGp86CiI6iDv3QobaqBUpOT7vg+HqY5HxEA==

cloudinary@^1.40.0:
  version "1.40.0"
  resolved "https://registry.yarnpkg.com/cloudinary/-/cloudinary-1.40.0.tgz#34a7de414b4526021c8e25cc66c3122721d91be6"
  integrity sha512-Fifkl8NRw/M+Enw4cKCXc6e0Or28c5y6RVGYS3OCLzT1W8EfBt416FURhLuuL/S4BCVv8bSilmnM746kCtth3g==
  dependencies:
    cloudinary-core "^2.13.0"
    core-js "^3.30.1"
    lodash "^4.17.21"
    q "^1.5.1"

core-js@^3.30.1:
  version "3.32.2"
  resolved "https://registry.yarnpkg.com/core-js/-/core-js-3.32.2.tgz#172fb5949ef468f93b4be7841af6ab1f21992db7"
  integrity sha512-pxXSw1mYZPDGvTQqEc5vgIb83jGQKFGYWY76z4a7weZXUolw3G+OvpZqSRcfYOoOVUQJYEPsWeQK8pKEnUtWxQ==

lodash@^4.17.21:
  version "4.17.21"
  resolved "https://registry.yarnpkg.com/lodash/-/lodash-4.17.21.tgz#679591c564c3bffaae8454cf0b3df370c3d6911c"
  integrity sha512-v2kDEe57lecTulaDIuNTPy3Ry4gLGJ6Z1O3vE1krgXZNrsQ+LFTGHVxVjcXPs17LhbZVGedAJv8XZ1tvj5FvSg==

q@^1.5.1:
  version "1.5.1"
  resolved "https://registry.yarnpkg.com/q/-/q-1.5.1.tgz#7e32f75b41381291d04611f1bf14109ac00651d7"
  integrity sha512-kV/CThkXo6xyFEZUugw/+pIOywXcDbFYgSct5cT3gqlbkBE1SJdwy6UQoZvodiWF/ckQLZyDE/Bu1M6gVu5lVw==
